{
  "name": "pion",
  "requires": true,
  "lockfileVersion": 1,
  "dependencies": {
    "@lrnwebcomponents/simple-modal": {
      "version": "2.4.0",
      "resolved": "https://registry.npmjs.org/@lrnwebcomponents/simple-modal/-/simple-modal-2.4.0.tgz",
      "integrity": "sha512-e7VB5g9jWUFTvHdf1boEkgcgTOg00+NhO3hHq/hnNoQnafm3kLL4aOv/+zasfBi4rqCe7OFbtQNVot0Q40ASpw==",
      "requires": {
        "@polymer/iron-icon": "^3.0.1",
        "@polymer/iron-icons": "^3.0.1",
        "@polymer/neon-animation": "^3.0.1",
        "@polymer/paper-button": "^3.0.1",
        "@polymer/paper-dialog": "^3.0.1",
        "@polymer/paper-dialog-scrollable": "^3.0.1",
        "@polymer/polymer": "^3.3.1",
        "web-animations-js": "^2.3.1"
      }
    },
    "@polymer/font-roboto": {
      "version": "3.0.2",
      "resolved": "https://registry.npmjs.org/@polymer/font-roboto/-/font-roboto-3.0.2.tgz",
      "integrity": "sha512-tx5TauYSmzsIvmSqepUPDYbs4/Ejz2XbZ1IkD7JEGqkdNUJlh+9KU85G56Tfdk/xjEZ8zorFfN09OSwiMrIQWA=="
    },
    "@polymer/iron-a11y-keys-behavior": {
      "version": "3.0.1",
      "resolved": "https://registry.npmjs.org/@polymer/iron-a11y-keys-behavior/-/iron-a11y-keys-behavior-3.0.1.tgz",
      "integrity": "sha512-lnrjKq3ysbBPT/74l0Fj0U9H9C35Tpw2C/tpJ8a+5g8Y3YJs1WSZYnEl1yOkw6sEyaxOq/1DkzH0+60gGu5/PQ==",
      "requires": {
        "@polymer/polymer": "^3.0.0"
      }
    },
    "@polymer/iron-behaviors": {
      "version": "3.0.1",
      "resolved": "https://registry.npmjs.org/@polymer/iron-behaviors/-/iron-behaviors-3.0.1.tgz",
      "integrity": "sha512-IMEwcv1lhf1HSQxuyWOUIL0lOBwmeaoSTpgCJeP9IBYnuB1SPQngmfRuHKgK6/m9LQ9F9miC7p3HeQQUdKAE0w==",
      "requires": {
        "@polymer/iron-a11y-keys-behavior": "^3.0.0-pre.26",
        "@polymer/polymer": "^3.0.0"
      }
    },
    "@polymer/iron-checked-element-behavior": {
      "version": "3.0.1",
      "resolved": "https://registry.npmjs.org/@polymer/iron-checked-element-behavior/-/iron-checked-element-behavior-3.0.1.tgz",
      "integrity": "sha512-aDr0cbCNVq49q+pOqa6CZutFh+wWpwPMLpEth9swx+GkAj+gCURhuQkaUYhIo5f2egDbEioR1aeHMnPlU9dQZA==",
      "requires": {
        "@polymer/iron-form-element-behavior": "^3.0.0-pre.26",
        "@polymer/iron-validatable-behavior": "^3.0.0-pre.26",
        "@polymer/polymer": "^3.0.0"
      }
    },
    "@polymer/iron-fit-behavior": {
      "version": "3.0.2",
      "resolved": "https://registry.npmjs.org/@polymer/iron-fit-behavior/-/iron-fit-behavior-3.0.2.tgz",
      "integrity": "sha512-JndryJYbBR3gSN5IlST4rCHsd01+OyvYpRO6z5Zd3C6u5V/m07TwAtcf3aXwZ8WBNt2eLG28OcvdSO7XR2v2pg==",
      "requires": {
        "@polymer/polymer": "^3.0.0"
      }
    },
    "@polymer/iron-flex-layout": {
      "version": "3.0.1",
      "resolved": "https://registry.npmjs.org/@polymer/iron-flex-layout/-/iron-flex-layout-3.0.1.tgz",
      "integrity": "sha512-7gB869czArF+HZcPTVSgvA7tXYFze9EKckvM95NB7SqYF+NnsQyhoXgKnpFwGyo95lUjUW9TFDLUwDXnCYFtkw==",
      "requires": {
        "@polymer/polymer": "^3.0.0"
      }
    },
    "@polymer/iron-form-element-behavior": {
      "version": "3.0.1",
      "resolved": "https://registry.npmjs.org/@polymer/iron-form-element-behavior/-/iron-form-element-behavior-3.0.1.tgz",
      "integrity": "sha512-G/e2KXyL5AY7mMjmomHkGpgS0uAf4ovNpKhkuUTRnMuMJuf589bKqE85KN4ovE1Tzhv2hJoh/igyD6ekHiYU1A==",
      "requires": {
        "@polymer/polymer": "^3.0.0"
      }
    },
    "@polymer/iron-icon": {
      "version": "3.0.1",
      "resolved": "https://registry.npmjs.org/@polymer/iron-icon/-/iron-icon-3.0.1.tgz",
      "integrity": "sha512-QLPwirk+UPZNaLnMew9VludXA4CWUCenRewgEcGYwdzVgDPCDbXxy6vRJjmweZobMQv/oVLppT2JZtJFnPxX6g==",
      "requires": {
        "@polymer/iron-flex-layout": "^3.0.0-pre.26",
        "@polymer/iron-meta": "^3.0.0-pre.26",
        "@polymer/polymer": "^3.0.0"
      }
    },
    "@polymer/iron-icons": {
      "version": "3.0.1",
      "resolved": "https://registry.npmjs.org/@polymer/iron-icons/-/iron-icons-3.0.1.tgz",
      "integrity": "sha512-xtEI8erH2GIBiF3QxEMyW81XuVjguu6Le5WjEEpX67qd9z7jjmc4T/ke3zRUlnDydex9p8ytcwVpMIKcyvjYAQ==",
      "requires": {
        "@polymer/iron-icon": "^3.0.0-pre.26",
        "@polymer/iron-iconset-svg": "^3.0.0-pre.26",
        "@polymer/polymer": "^3.0.0"
      }
    },
    "@polymer/iron-iconset-svg": {
      "version": "3.0.1",
      "resolved": "https://registry.npmjs.org/@polymer/iron-iconset-svg/-/iron-iconset-svg-3.0.1.tgz",
      "integrity": "sha512-XNwURbNHRw6u2fJe05O5fMYye6GSgDlDqCO+q6K1zAnKIrpgZwf2vTkBd5uCcZwsN0FyCB3mvNZx4jkh85dRDw==",
      "requires": {
        "@polymer/iron-meta": "^3.0.0-pre.26",
        "@polymer/polymer": "^3.0.0"
      }
    },
    "@polymer/iron-meta": {
      "version": "3.0.1",
      "resolved": "https://registry.npmjs.org/@polymer/iron-meta/-/iron-meta-3.0.1.tgz",
      "integrity": "sha512-pWguPugiLYmWFV9UWxLWzZ6gm4wBwQdDy4VULKwdHCqR7OP7u98h+XDdGZsSlDPv6qoryV/e3tGHlTIT0mbzJA==",
      "requires": {
        "@polymer/polymer": "^3.0.0"
      }
    },
    "@polymer/iron-overlay-behavior": {
      "version": "3.0.3",
      "resolved": "https://registry.npmjs.org/@polymer/iron-overlay-behavior/-/iron-overlay-behavior-3.0.3.tgz",
      "integrity": "sha512-Q/Fp0+uOQQ145ebZ7T8Cxl4m1tUKYjyymkjcL2rXUm+aDQGb1wA1M1LYxUF5YBqd+9lipE0PTIiYwA2ZL/sznA==",
      "requires": {
        "@polymer/iron-a11y-keys-behavior": "^3.0.0-pre.26",
        "@polymer/iron-fit-behavior": "^3.0.0-pre.26",
        "@polymer/iron-resizable-behavior": "^3.0.0-pre.26",
        "@polymer/polymer": "^3.0.0"
      }
    },
    "@polymer/iron-resizable-behavior": {
      "version": "3.0.1",
      "resolved": "https://registry.npmjs.org/@polymer/iron-resizable-behavior/-/iron-resizable-behavior-3.0.1.tgz",
      "integrity": "sha512-FyHxRxFspVoRaeZSWpT3y0C9awomb4tXXolIJcZ7RvXhMP632V5lez+ch5G5SwK0LpnAPkg35eB0LPMFv+YMMQ==",
      "requires": {
        "@polymer/polymer": "^3.0.0"
      }
    },
    "@polymer/iron-selector": {
      "version": "3.0.1",
      "resolved": "https://registry.npmjs.org/@polymer/iron-selector/-/iron-selector-3.0.1.tgz",
      "integrity": "sha512-sBVk2uas6prW0glUe2xEJJYlvxmYzM40Au9OKbfDK2Qekou/fLKcBRyIYI39kuI8zWRaip8f3CI8qXcUHnKb1A==",
      "requires": {
        "@polymer/polymer": "^3.0.0"
      }
    },
    "@polymer/iron-validatable-behavior": {
      "version": "3.0.1",
      "resolved": "https://registry.npmjs.org/@polymer/iron-validatable-behavior/-/iron-validatable-behavior-3.0.1.tgz",
      "integrity": "sha512-wwpYh6wOa4fNI+jH5EYKC7TVPYQ2OfgQqocWat7GsNWcsblKYhLYbwsvEY5nO0n2xKqNfZzDLrUom5INJN7msQ==",
      "requires": {
        "@polymer/iron-meta": "^3.0.0-pre.26",
        "@polymer/polymer": "^3.0.0"
      }
    },
    "@polymer/neon-animation": {
      "version": "3.0.1",
      "resolved": "https://registry.npmjs.org/@polymer/neon-animation/-/neon-animation-3.0.1.tgz",
      "integrity": "sha512-cDDc0llpVCe0ATbDS3clDthI54Bc8YwZIeTGGmBJleKOvbRTUC5+ssJmRL+VwVh+VM5FlnQlx760ppftY3uprg==",
      "requires": {
        "@polymer/iron-resizable-behavior": "^3.0.0-pre.26",
        "@polymer/iron-selector": "^3.0.0-pre.26",
        "@polymer/polymer": "^3.0.0"
      }
    },
    "@polymer/paper-behaviors": {
      "version": "3.0.1",
      "resolved": "https://registry.npmjs.org/@polymer/paper-behaviors/-/paper-behaviors-3.0.1.tgz",
      "integrity": "sha512-6knhj69fPJejv8qR0kCSUY+Q0XjaUf0OSnkjRjmTJPAwSrRYtgqE+l6P1FfA+py1X/cUjgne9EF5rMZAKJIg1g==",
      "requires": {
        "@polymer/iron-behaviors": "^3.0.0-pre.26",
        "@polymer/iron-checked-element-behavior": "^3.0.0-pre.26",
        "@polymer/paper-ripple": "^3.0.0-pre.26",
        "@polymer/polymer": "^3.0.0"
      }
    },
    "@polymer/paper-button": {
      "version": "3.0.1",
      "resolved": "https://registry.npmjs.org/@polymer/paper-button/-/paper-button-3.0.1.tgz",
      "integrity": "sha512-JRNBc+Oj9EWnmyLr7FcCr8T1KAnEHPh6mosln9BUdkM+qYaYsudSICh3cjTIbnj6AuF5OJidoLkM1dlyj0j6Zg==",
      "requires": {
        "@polymer/iron-flex-layout": "^3.0.0-pre.26",
        "@polymer/paper-behaviors": "^3.0.0-pre.27",
        "@polymer/paper-styles": "^3.0.0-pre.26",
        "@polymer/polymer": "^3.0.0"
      }
    },
    "@polymer/paper-dialog": {
      "version": "3.0.1",
      "resolved": "https://registry.npmjs.org/@polymer/paper-dialog/-/paper-dialog-3.0.1.tgz",
      "integrity": "sha512-KvglYbEq7AWJvui2j6WKLnOvgVMeGjovAydGrPRj7kVzCiD49Eq/hpYFJTRV5iDcalWH+mORUpw+jrFnG9+Kgw==",
      "requires": {
        "@polymer/iron-overlay-behavior": "^3.0.0-pre.27",
        "@polymer/neon-animation": "^3.0.0-pre.26",
        "@polymer/paper-dialog-behavior": "^3.0.0-pre.26",
        "@polymer/polymer": "^3.0.0"
      }
    },
    "@polymer/paper-dialog-behavior": {
      "version": "3.0.1",
      "resolved": "https://registry.npmjs.org/@polymer/paper-dialog-behavior/-/paper-dialog-behavior-3.0.1.tgz",
      "integrity": "sha512-wbI4kCK8le/9MHT+IXzvHjoatxf3kd3Yn0tgozAiAwfSZ7N4Ubpi5MHrK0m9S9PeIxKokAgBYdTUrezSE5378A==",
      "requires": {
        "@polymer/iron-overlay-behavior": "^3.0.0-pre.27",
        "@polymer/paper-styles": "^3.0.0-pre.26",
        "@polymer/polymer": "^3.0.0"
      }
    },
    "@polymer/paper-dialog-scrollable": {
      "version": "3.0.1",
      "resolved": "https://registry.npmjs.org/@polymer/paper-dialog-scrollable/-/paper-dialog-scrollable-3.0.1.tgz",
      "integrity": "sha512-1E8B9kNdL58jUrJ/BwqJeOoNVcxNrB559z//d1V0rVHWT5bWCCZegwS3G06iFK5MjxWFbIKzleVTLrT0opiZkA==",
      "requires": {
        "@polymer/iron-flex-layout": "^3.0.0-pre.26",
        "@polymer/paper-dialog-behavior": "^3.0.0-pre.26",
        "@polymer/paper-styles": "^3.0.0-pre.26",
        "@polymer/polymer": "^3.0.0"
      }
    },
    "@polymer/paper-ripple": {
      "version": "3.0.2",
      "resolved": "https://registry.npmjs.org/@polymer/paper-ripple/-/paper-ripple-3.0.2.tgz",
      "integrity": "sha512-DnLNvYIMsiayeICroYxx6Q6Hg1cUU8HN2sbutXazlemAlGqdq80qz3TIaVdbpbt/pvjcFGX2HtntMlPstCge8Q==",
      "requires": {
        "@polymer/iron-a11y-keys-behavior": "^3.0.0-pre.26",
        "@polymer/polymer": "^3.0.0"
      }
    },
    "@polymer/paper-styles": {
      "version": "3.0.1",
      "resolved": "https://registry.npmjs.org/@polymer/paper-styles/-/paper-styles-3.0.1.tgz",
      "integrity": "sha512-y6hmObLqlCx602TQiSBKHqjwkE7xmDiFkoxdYGaNjtv4xcysOTdVJsDR/R9UHwIaxJ7gHlthMSykir1nv78++g==",
      "requires": {
        "@polymer/font-roboto": "^3.0.1",
        "@polymer/iron-flex-layout": "^3.0.0-pre.26",
        "@polymer/polymer": "^3.0.0"
      }
    },
    "@polymer/paper-toggle-button": {
      "version": "3.0.1",
      "resolved": "https://registry.npmjs.org/@polymer/paper-toggle-button/-/paper-toggle-button-3.0.1.tgz",
      "integrity": "sha512-jadZB60fycT7YnSAH0H23LYo6/2HYmMZTtNr9LpdSIRFPLX6mqqxewex92cFz019bMKaRJgORn308hRlJo2u6A==",
      "requires": {
        "@polymer/iron-checked-element-behavior": "^3.0.0-pre.26",
        "@polymer/paper-behaviors": "^3.0.0-pre.27",
        "@polymer/paper-styles": "^3.0.0-pre.26",
        "@polymer/polymer": "^3.0.0"
      }
    },
    "@polymer/polymer": {
      "version": "3.3.1",
      "resolved": "https://registry.npmjs.org/@polymer/polymer/-/polymer-3.3.1.tgz",
      "integrity": "sha512-8KaB48tzyMjdsHdxo5KvCAaqmTe7rYDzQAoj/pyEfq9Fp4YfUaS+/xqwYj0GbiDAUNzwkmEQ7dw9cgnRNdKO8A==",
      "requires": {
        "@webcomponents/shadycss": "^1.9.1"
      }
    },
    "@webcomponents/shadycss": {
      "version": "1.9.4",
      "resolved": "https://registry.npmjs.org/@webcomponents/shadycss/-/shadycss-1.9.4.tgz",
      "integrity": "sha512-tgNcVEaKssyeZPbUBjVQf4aryO5Fi7fxRvOxV982ZJuRVDcefmIblBh0SXAbcvAAlQ2zpNEP4SuQUnr8uApIpw=="
    },
    "@webcomponents/webcomponentsjs": {
      "version": "2.4.0",
      "resolved": "https://registry.npmjs.org/@webcomponents/webcomponentsjs/-/webcomponentsjs-2.4.0.tgz",
      "integrity": "sha512-kEClEz2nu9/i6SvyBJTV4pCc6CyCzMhK7zEeJ6QhiJoulBp4YZ06Zfj2E2HUXfWfHJIjtKriJYMtfhettKEjEg=="
    },
    "arrive": {
      "version": "2.4.1",
      "resolved": "https://registry.npmjs.org/arrive/-/arrive-2.4.1.tgz",
      "integrity": "sha1-VkyH8gvAm4DeeBEk2UMWlQBLgCA="
    },
    "lit-element": {
      "version": "2.2.1",
      "resolved": "https://registry.npmjs.org/lit-element/-/lit-element-2.2.1.tgz",
      "integrity": "sha512-ipDcgQ1EpW6Va2Z6dWm79jYdimVepO5GL0eYkZrFvdr0OD/1N260Q9DH+K5HXHFrRoC7dOg+ZpED2XE0TgGdXw==",
      "requires": {
        "lit-html": "^1.0.0"
      }
    },
    "lit-html": {
      "version": "1.1.2",
      "resolved": "https://registry.npmjs.org/lit-html/-/lit-html-1.1.2.tgz",
      "integrity": "sha512-FFlUMKHKi+qG1x1iHNZ1hrtc/zHmfYTyrSvs3/wBTvaNtpZjOZGWzU7efGYVpgp6KvWeKF6ql9/KsCq6Z/mEDA=="
    },
    "spectrum-colorpicker2": {
      "version": "2.0.0",
      "resolved": "https://registry.npmjs.org/spectrum-colorpicker2/-/spectrum-colorpicker2-2.0.0.tgz",
      "integrity": "sha512-kEgI1WYfR//LLbt8G+uoEjgDLHsp1ke6kdWS7xaBa2pFYcFEPswu6BFHDS28MnjzRjcdueEbZDqG8HedrrZqPQ=="
    },
    "web-animations-js": {
      "version": "2.3.2",
      "resolved": "https://registry.npmjs.org/web-animations-js/-/web-animations-js-2.3.2.tgz",
      "integrity": "sha512-TOMFWtQdxzjWp8qx4DAraTWTsdhxVSiWa6NkPFSaPtZ1diKUxTn4yTix73A1euG1WbSOMMPcY51cnjTIHrGtDA=="
    }
  }
}
